
Microsoft Visual Studio Solution File, Format Version 12.00
# Visual Studio Version 16
VisualStudioVersion = 16.0.31313.79
MinimumVisualStudioVersion = 10.0.40219.1
Project("{FAE04EC0-301F-11D3-BF4B-00C04F79EFBC}") = "калькулятор 3.0.", "..\калькулятор 3.0\калькулятор 3.0\калькулятор 3.0..csproj", "{FE63D2F8-5F5F-478A-A794-B02F076483ED}"
EndProject
Global
	GlobalSection(SolutionConfigurationPlatforms) = preSolution
		Debug|Any CPU = Debug|Any CPU
		Release|Any CPU = Release|Any CPU
	EndGlobalSection
	GlobalSection(ProjectConfigurationPlatforms) = postSolution
		{FE63D2F8-5F5F-478A-A794-B02F076483ED}.Debug|Any CPU.ActiveCfg = Debug|Any CPU
		{FE63D2F8-5F5F-478A-A794-B02F076483ED}.Debug|Any CPU.Build.0 = Debug|Any CPU
		{FE63D2F8-5F5F-478A-A794-B02F076483ED}.Release|Any CPU.ActiveCfg = Release|Any CPU
		{FE63D2F8-5F5F-478A-A794-B02F076483ED}.Release|Any CPU.Build.0 = Release|Any CPU
	EndGlobalSection
	GlobalSection(SolutionProperties) = preSolution
		HideSolutionNode = FALSE
	EndGlobalSection
	GlobalSection(ExtensibilityGlobals) = postSolution
		SolutionGuid = {FA5D97A6-77EB-4B0F-9358-EE0AF348222E}
	EndGlobalSection
EndGlobal
